// !$*UTF8*$!
{
	archiveVersion = 1;
	classes = {
	};
	objectVersion = 50;
	objects = {

/* Begin PBXBuildFile section */
		9FA20CC922B968980022BF7A /* AppDelegate.swift in Sources */ = {isa = PBXBuildFile; fileRef = 9FA20CC822B968980022BF7A /* AppDelegate.swift */; };
		9FA20CCB22B968980022BF7A /* ViewController.swift in Sources */ = {isa = PBXBuildFile; fileRef = 9FA20CCA22B968980022BF7A /* ViewController.swift */; };
		9FA20CCE22B968980022BF7A /* Main.storyboard in Resources */ = {isa = PBXBuildFile; fileRef = 9FA20CCC22B968980022BF7A /* Main.storyboard */; };
		9FA20CD022B968990022BF7A /* Assets.xcassets in Resources */ = {isa = PBXBuildFile; fileRef = 9FA20CCF22B968990022BF7A /* Assets.xcassets */; };
		9FA20CD322B968990022BF7A /* LaunchScreen.storyboard in Resources */ = {isa = PBXBuildFile; fileRef = 9FA20CD122B968990022BF7A /* LaunchScreen.storyboard */; };
		9FA20CDE22B968990022BF7A /* CalculatorTests.swift in Sources */ = {isa = PBXBuildFile; fileRef = 9FA20CDD22B968990022BF7A /* CalculatorTests.swift */; };
		9FA20CE922B968990022BF7A /* CalculatorUITests.swift in Sources */ = {isa = PBXBuildFile; fileRef = 9FA20CE822B968990022BF7A /* CalculatorUITests.swift */; };
		9FA20CF722B975E40022BF7A /* CalculatorButton.swift in Sources */ = {isa = PBXBuildFile; fileRef = 9FA20CF622B975E40022BF7A /* CalculatorButton.swift */; };
		9FA20CF922B98C200022BF7A /* Calculations.swift in Sources */ = {isa = PBXBuildFile; fileRef = 9FA20CF822B98C200022BF7A /* Calculations.swift */; };
/* End PBXBuildFile section */

/* Begin PBXContainerItemProxy section */
		9FA20CDA22B968990022BF7A /* PBXContainerItemProxy */ = {
			isa = PBXContainerItemProxy;
			containerPortal = 9FA20CBD22B968980022BF7A /* Project object */;
			proxyType = 1;
			remoteGlobalIDString = 9FA20CC422B968980022BF7A;
			remoteInfo = Calculator;
		};
		9FA20CE522B968990022BF7A /* PBXContainerItemProxy */ = {
			isa = PBXContainerItemProxy;
			containerPortal = 9FA20CBD22B968980022BF7A /* Project object */;
			proxyType = 1;
			remoteGlobalIDString = 9FA20CC422B968980022BF7A;
			remoteInfo = Calculator;
		};
/* End PBXContainerItemProxy section */

/* Begin PBXFileReference section */
		9FA20CC522B968980022BF7A /* Calculator.app */ = {isa = PBXFileReference; explicitFileType = wrapper.application; includeInIndex = 0; path = Calculator.app; sourceTree = BUILT_PRODUCTS_DIR; };
		9FA20CC822B968980022BF7A /* AppDelegate.swift */ = {isa = PBXFileReference; lastKnownFileType = sourcecode.swift; path = AppDelegate.swift; sourceTree = "<group>"; };
		9FA20CCA22B968980022BF7A /* ViewController.swift */ = {isa = PBXFileReference; lastKnownFileType = sourcecode.swift; path = ViewController.swift; sourceTree = "<group>"; };
		9FA20CCD22B968980022BF7A /* Base */ = {isa = PBXFileReference; lastKnownFileType = file.storyboard; name = Base; path = Base.lproj/Main.storyboard; sourceTree = "<group>"; };
		9FA20CCF22B968990022BF7A /* Assets.xcassets */ = {isa = PBXFileReference; lastKnownFileType = folder.assetcatalog; path = Assets.xcassets; sourceTree = "<group>"; };
		9FA20CD222B968990022BF7A /* Base */ = {isa = PBXFileReference; lastKnownFileType = file.storyboard; name = Base; path = Base.lproj/LaunchScreen.storyboard; sourceTree = "<group>"; };
		9FA20CD422B968990022BF7A /* Info.plist */ = {isa = PBXFileReference; lastKnownFileType = text.plist.xml; path = Info.plist; sourceTree = "<group>"; };
		9FA20CD922B968990022BF7A /* CalculatorTests.xctest */ = {isa = PBXFileReference; explicitFileType = wrapper.cfbundle; includeInIndex = 0; path = CalculatorTests.xctest; sourceTree = BUILT_PRODUCTS_DIR; };
		9FA20CDD22B968990022BF7A /* CalculatorTests.swift */ = {isa = PBXFileReference; lastKnownFileType = sourcecode.swift; path = CalculatorTests.swift; sourceTree = "<group>"; };
		9FA20CDF22B968990022BF7A /* Info.plist */ = {isa = PBXFileReference; lastKnownFileType = text.plist.xml; path = Info.plist; sourceTree = "<group>"; };
		9FA20CE422B968990022BF7A /* CalculatorUITests.xctest */ = {isa = PBXFileReference; explicitFileType = wrapper.cfbundle; includeInIndex = 0; path = CalculatorUITests.xctest; sourceTree = BUILT_PRODUCTS_DIR; };
		9FA20CE822B968990022BF7A /* CalculatorUITests.swift */ = {isa = PBXFileReference; lastKnownFileType = sourcecode.swift; path = CalculatorUITests.swift; sourceTree = "<group>"; };
		9FA20CEA22B968990022BF7A /* Info.plist */ = {isa = PBXFileReference; lastKnownFileType = text.plist.xml; path = Info.plist; sourceTree = "<group>"; };
		9FA20CF622B975E40022BF7A /* CalculatorButton.swift */ = {isa = PBXFileReference; lastKnownFileType = sourcecode.swift; path = CalculatorButton.swift; sourceTree = "<group>"; };
		9FA20CF822B98C200022BF7A /* Calculations.swift */ = {isa = PBXFileReference; lastKnownFileType = sourcecode.swift; path = Calculations.swift; sourceTree = "<group>"; };
/* End PBXFileReference section */

/* Begin PBXFrameworksBuildPhase section */
		9FA20CC222B968980022BF7A /* Frameworks */ = {
			isa = PBXFrameworksBuildPhase;
			buildActionMask = 2147483647;
			files = (
			);
			runOnlyForDeploymentPostprocessing = 0;
		};
		9FA20CD622B968990022BF7A /* Frameworks */ = {
			isa = PBXFrameworksBuildPhase;
			buildActionMask = 2147483647;
			files = (
			);
			runOnlyForDeploymentPostprocessing = 0;
		};
		9FA20CE122B968990022BF7A /* Frameworks */ = {
			isa = PBXFrameworksBuildPhase;
			buildActionMask = 2147483647;
			files = (
			);
			runOnlyForDeploymentPostprocessing = 0;
		};
/* End PBXFrameworksBuildPhase section */

/* Begin PBXGroup section */
		9FA20CBC22B968980022BF7A = {
			isa = PBXGroup;
			children = (
				9FA20CC722B968980022BF7A /* Calculator */,
				9FA20CDC22B968990022BF7A /* CalculatorTests */,
				9FA20CE722B968990022BF7A /* CalculatorUITests */,
				9FA20CC622B968980022BF7A /* Products */,
			);
			sourceTree = "<group>";
		};
		9FA20CC622B968980022BF7A /* Products */ = {
			isa = PBXGroup;
			children = (
				9FA20CC522B968980022BF7A /* Calculator.app */,
				9FA20CD922B968990022BF7A /* CalculatorTests.xctest */,
				9FA20CE422B968990022BF7A /* CalculatorUITests.xctest */,
			);
			name = Products;
			sourceTree = "<group>";
		};
		9FA20CC722B968980022BF7A /* Calculator */ = {
			isa = PBXGroup;
			children = (
				9FA20CC822B968980022BF7A /* AppDelegate.swift */,
				9FA20CCA22B968980022BF7A /* ViewController.swift */,
				9FA20CCC22B968980022BF7A /* Main.storyboard */,
				9FA20CCF22B968990022BF7A /* Assets.xcassets */,
				9FA20CD122B968990022BF7A /* LaunchScreen.storyboard */,
				9FA20CD422B968990022BF7A /* Info.plist */,
				9FA20CF622B975E40022BF7A /* CalculatorButton.swift */,
				9FA20CF822B98C200022BF7A /* Calculations.swift */,
			);
			path = Calculator;
			sourceTree = "<group>";
		};
		9FA20CDC22B968990022BF7A /* CalculatorTests */ = {
			isa = PBXGroup;
			children = (
				9FA20CDD22B968990022BF7A /* CalculatorTests.swift */,
				9FA20CDF22B968990022BF7A /* Info.plist */,
			);
			path = CalculatorTests;
			sourceTree = "<group>";
		};
		9FA20CE722B968990022BF7A /* CalculatorUITests */ = {
			isa = PBXGroup;
			children = (
				9FA20CE822B968990022BF7A /* CalculatorUITests.swift */,
				9FA20CEA22B968990022BF7A /* Info.plist */,
			);
			path = CalculatorUITests;
			sourceTree = "<group>";
		};
/* End PBXGroup section */

/* Begin PBXNativeTarget section */
		9FA20CC422B968980022BF7A /* Calculator */ = {
			isa = PBXNativeTarget;
			buildConfigurationList = 9FA20CED22B968990022BF7A /* Build configuration list for PBXNativeTarget "Calculator" */;
			buildPhases = (
				9FA20CC122B968980022BF7A /* Sources */,
				9FA20CC222B968980022BF7A /* Frameworks */,
				9FA20CC322B968980022BF7A /* Resources */,
			);
			buildRules = (
			);
			dependencies = (
			);
			name = Calculator;
			productName = Calculator;
			productReference = 9FA20CC522B968980022BF7A /* Calculator.app */;
			productType = "com.apple.product-type.application";
		};
		9FA20CD822B968990022BF7A /* CalculatorTests */ = {
			isa = PBXNativeTarget;
			buildConfigurationList = 9FA20CF022B968990022BF7A /* Build configuration list for PBXNativeTarget "CalculatorTests" */;
			buildPhases = (
				9FA20CD522B968990022BF7A /* Sources */,
				9FA20CD622B968990022BF7A /* Frameworks */,
				9FA20CD722B968990022BF7A /* Resources */,
			);
			buildRules = (
			);
			dependencies = (
				9FA20CDB22B968990022BF7A /* PBXTargetDependency */,
			);
			name = CalculatorTests;
			productName = CalculatorTests;
			productReference = 9FA20CD922B968990022BF7A /* CalculatorTests.xctest */;
			productType = "com.apple.product-type.bundle.unit-test";
		};
		9FA20CE322B968990022BF7A /* CalculatorUITests */ = {
			isa = PBXNativeTarget;
			buildConfigurationList = 9FA20CF322B968990022BF7A /* Build configuration list for PBXNativeTarget "CalculatorUITests" */;
			buildPhases = (
				9FA20CE022B968990022BF7A /* Sources */,
				9FA20CE122B968990022BF7A /* Frameworks */,
				9FA20CE222B968990022BF7A /* Resources */,
			);
			buildRules = (
			);
			dependencies = (
				9FA20CE622B968990022BF7A /* PBXTargetDependency */,
			);
			name = CalculatorUITests;
			productName = CalculatorUITests;
			productReference = 9FA20CE422B968990022BF7A /* CalculatorUITests.xctest */;
			productType = "com.apple.product-type.bundle.ui-testing";
		};
/* End PBXNativeTarget section */

/* Begin PBXProject section */
		9FA20CBD22B968980022BF7A /* Project object */ = {
			isa = PBXProject;
			attributes = {
				LastSwiftUpdateCheck = 1020;
				LastUpgradeCheck = 1020;
				ORGANIZATIONNAME = "Dante Coelho Cerqueira Santos";
				TargetAttributes = {
					9FA20CC422B968980022BF7A = {
						CreatedOnToolsVersion = 10.2.1;
					};
					9FA20CD822B968990022BF7A = {
						CreatedOnToolsVersion = 10.2.1;
						TestTargetID = 9FA20CC422B968980022BF7A;
					};
					9FA20CE322B968990022BF7A = {
						CreatedOnToolsVersion = 10.2.1;
						TestTargetID = 9FA20CC422B968980022BF7A;
					};
				};
			};
			buildConfigurationList = 9FA20CC022B968980022BF7A /* Build configuration list for PBXProject "Calculator" */;
			compatibilityVersion = "Xcode 9.3";
			developmentRegion = en;
			hasScannedForEncodings = 0;
			knownRegions = (
				en,
				Base,
			);
			mainGroup = 9FA20CBC22B968980022BF7A;
			productRefGroup = 9FA20CC622B968980022BF7A /* Products */;
			projectDirPath = "";
			projectRoot = "";
			targets = (
				9FA20CC422B968980022BF7A /* Calculator */,
				9FA20CD822B968990022BF7A /* CalculatorTests */,
				9FA20CE322B968990022BF7A /* CalculatorUITests */,
			);
		};
/* End PBXProject section */

/* Begin PBXResourcesBuildPhase section */
		9FA20CC322B968980022BF7A /* Resources */ = {
			isa = PBXResourcesBuildPhase;
			buildActionMask = 2147483647;
			files = (
				9FA20CD322B968990022BF7A /* LaunchScreen.storyboard in Resources */,
				9FA20CD022B968990022BF7A /* Assets.xcassets in Resources */,
				9FA20CCE22B968980022BF7A /* Main.storyboard in Resources */,
			);
			runOnlyForDeploymentPostprocessing = 0;
		};
		9FA20CD722B968990022BF7A /* Resources */ = {
			isa = PBXResourcesBuildPhase;
			buildActionMask = 2147483647;
			files = (
			);
			runOnlyForDeploymentPostprocessing = 0;
		};
		9FA20CE222B968990022BF7A /* Resources */ = {
			isa = PBXResourcesBuildPhase;
			buildActionMask = 2147483647;
			files = (
			);
			runOnlyForDeploymentPostprocessing = 0;
		};
/* End PBXResourcesBuildPhase section */

/* Begin PBXSourcesBuildPhase section */
		9FA20CC122B968980022BF7A /* Sources */ = {
			isa = PBXSourcesBuildPhase;
			buildActionMask = 2147483647;
			files = (
				9FA20CCB22B968980022BF7A /* ViewController.swift in Sources */,
				9FA20CF722B975E40022BF7A /* CalculatorButton.swift in Sources */,
				9FA20CC922B968980022BF7A /* AppDelegate.swift in Sources */,
				9FA20CF922B98C200022BF7A /* Calculations.swift in Sources */,
			);
			runOnlyForDeploymentPostprocessing = 0;
		};
		9FA20CD522B968990022BF7A /* Sources */ = {
			isa = PBXSourcesBuildPhase;
			buildActionMask = 2147483647;
			files = (
				9FA20CDE22B968990022BF7A /* CalculatorTests.swift in Sources */,
			);
			runOnlyForDeploymentPostprocessing = 0;
		};
		9FA20CE022B968990022BF7A /* Sources */ = {
			isa = PBXSourcesBuildPhase;
			buildActionMask = 2147483647;
			files = (
				9FA20CE922B968990022BF7A /* CalculatorUITests.swift in Sources */,
			);
			runOnlyForDeploymentPostprocessing = 0;
		};
/* End PBXSourcesBuildPhase section */

/* Begin PBXTargetDependency section */
		9FA20CDB22B968990022BF7A /* PBXTargetDependency */ = {
			isa = PBXTargetDependency;
			target = 9FA20CC422B968980022BF7A /* Calculator */;
			targetProxy = 9FA20CDA22B968990022BF7A /* PBXContainerItemProxy */;
		};
		9FA20CE622B968990022BF7A /* PBXTargetDependency */ = {
			isa = PBXTargetDependency;
			target = 9FA20CC422B968980022BF7A /* Calculator */;
			targetProxy = 9FA20CE522B968990022BF7A /* PBXContainerItemProxy */;
		};
/* End PBXTargetDependency section */

/* Begin PBXVariantGroup section */
		9FA20CCC22B968980022BF7A /* Main.storyboard */ = {
			isa = PBXVariantGroup;
			children = (
				9FA20CCD22B968980022BF7A /* Base */,
			);
			name = Main.storyboard;
			sourceTree = "<group>";
		};
		9FA20CD122B968990022BF7A /* LaunchScreen.storyboard */ = {
			isa = PBXVariantGroup;
			children = (
				9FA20CD222B968990022BF7A /* Base */,
			);
			name = LaunchScreen.storyboard;
			sourceTree = "<group>";
		};
/* End PBXVariantGroup section */

/* Begin XCBuildConfiguration section */
		9FA20CEB22B968990022BF7A /* Debug */ = {
			isa = XCBuildConfiguration;
			buildSettings = {
				ALWAYS_SEARCH_USER_PATHS = NO;
				CLANG_ANALYZER_NONNULL = YES;
				CLANG_ANALYZER_NUMBER_OBJECT_CONVERSION = YES_AGGRESSIVE;
				CLANG_CXX_LANGUAGE_STANDARD = "gnu++14";
				CLANG_CXX_LIBRARY = "libc++";
				CLANG_ENABLE_MODULES = YES;
				CLANG_ENABLE_OBJC_ARC = YES;
				CLANG_ENABLE_OBJC_WEAK = YES;
				CLANG_WARN_BLOCK_CAPTURE_AUTORELEASING = YES;
				CLANG_WARN_BOOL_CONVERSION = YES;
				CLANG_WARN_COMMA = YES;
				CLANG_WARN_CONSTANT_CONVERSION = YES;
				CLANG_WARN_DEPRECATED_OBJC_IMPLEMENTATIONS = YES;
				CLANG_WARN_DIRECT_OBJC_ISA_USAGE = YES_ERROR;
				CLANG_WARN_DOCUMENTATION_COMMENTS = YES;
				CLANG_WARN_EMPTY_BODY = YES;
				CLANG_WARN_ENUM_CONVERSION = YES;
				CLANG_WARN_INFINITE_RECURSION = YES;
				CLANG_WARN_INT_CONVERSION = YES;
				CLANG_WARN_NON_LITERAL_NULL_CONVERSION = YES;
				CLANG_WARN_OBJC_IMPLICIT_RETAIN_SELF = YES;
				CLANG_WARN_OBJC_LITERAL_CONVERSION = YES;
				CLANG_WARN_OBJC_ROOT_CLASS = YES_ERROR;
				CLANG_WARN_RANGE_LOOP_ANALYSIS = YES;
				CLANG_WARN_STRICT_PROTOTYPES = YES;
				CLANG_WARN_SUSPICIOUS_MOVE = YES;
				CLANG_WARN_UNGUARDED_AVAILABILITY = YES_AGGRESSIVE;
				CLANG_WARN_UNREACHABLE_CODE = YES;
				CLANG_WARN__DUPLICATE_METHOD_MATCH = YES;
				CODE_SIGN_IDENTITY = "iPhone Developer";
				COPY_PHASE_STRIP = NO;
				DEBUG_INFORMATION_FORMAT = dwarf;
				ENABLE_STRICT_OBJC_MSGSEND = YES;
				ENABLE_TESTABILITY = YES;
				GCC_C_LANGUAGE_STANDARD = gnu11;
				GCC_DYNAMIC_NO_PIC = NO;
				GCC_NO_COMMON_BLOCKS = YES;
				GCC_OPTIMIZATION_LEVEL = 0;
				GCC_PREPROCESSOR_DEFINITIONS = (
					"DEBUG=1",
					"$(inherited)",
				);
				GCC_WARN_64_TO_32_BIT_CONVERSION = YES;
				GCC_WARN_ABOUT_RETURN_TYPE = YES_ERROR;
				GCC_WARN_UNDECLARED_SELECTOR = YES;
				GCC_WARN_UNINITIALIZED_AUTOS = YES_AGGRESSIVE;
				GCC_WARN_UNUSED_FUNCTION = YES;
				GCC_WARN_UNUSED_VARIABLE = YES;
				IPHONEOS_DEPLOYMENT_TARGET = 12.2;
				MTL_ENABLE_DEBUG_INFO = INCLUDE_SOURCE;
				MTL_FAST_MATH = YES;
				ONLY_ACTIVE_ARCH = YES;
				SDKROOT = iphoneos;
				SWIFT_ACTIVE_COMPILATION_CONDITIONS = DEBUG;
				SWIFT_OPTIMIZATION_LEVEL = "-Onone";
			};
			name = Debug;
		};
		9FA20CEC22B968990022BF7A /* Release */ = {
			isa = XCBuildConfiguration;
			buildSettings = {
				ALWAYS_SEARCH_USER_PATHS = NO;
				CLANG_ANALYZER_NONNULL = YES;
				CLANG_ANALYZER_NUMBER_OBJECT_CONVERSION = YES_AGGRESSIVE;
				CLANG_CXX_LANGUAGE_STANDARD = "gnu++14";
				CLANG_CXX_LIBRARY = "libc++";
				CLANG_ENABLE_MODULES = YES;
				CLANG_ENABLE_OBJC_ARC = YES;
				CLANG_ENABLE_OBJC_WEAK = YES;
				CLANG_WARN_BLOCK_CAPTURE_AUTORELEASING = YES;
				CLANG_WARN_BOOL_CONVERSION = YES;
				CLANG_WARN_COMMA = YES;
				CLANG_WARN_CONSTANT_CONVERSION = YES;
				CLANG_WARN_DEPRECATED_OBJC_IMPLEMENTATIONS = YES;
				CLANG_WARN_DIRECT_OBJC_ISA_USAGE = YES_ERROR;
				CLANG_WARN_DOCUMENTATION_COMMENTS = YES;
				CLANG_WARN_EMPTY_BODY = YES;
				CLANG_WARN_ENUM_CONVERSION = YES;
				CLANG_WARN_INFINITE_RECURSION = YES;
				CLANG_WARN_INT_CONVERSION = YES;
				CLANG_WARN_NON_LITERAL_NULL_CONVERSION = YES;
				CLANG_WARN_OBJC_IMPLICIT_RETAIN_SELF = YES;
				CLANG_WARN_OBJC_LITERAL_CONVERSION = YES;
				CLANG_WARN_OBJC_ROOT_CLASS = YES_ERROR;
				CLANG_WARN_RANGE_LOOP_ANALYSIS = YES;
				CLANG_WARN_STRICT_PROTOTYPES = YES;
				CLANG_WARN_SUSPICIOUS_MOVE = YES;
				CLANG_WARN_UNGUARDED_AVAILABILITY = YES_AGGRESSIVE;
				CLANG_WARN_UNREACHABLE_CODE = YES;
				CLANG_WARN__DUPLICATE_METHOD_MATCH = YES;
				CODE_SIGN_IDENTITY = "iPhone Developer";
				COPY_PHASE_STRIP = NO;
				DEBUG_INFORMATION_FORMAT = "dwarf-with-dsym";
				ENABLE_NS_ASSERTIONS = NO;
				ENABLE_STRICT_OBJC_MSGSEND = YES;
				GCC_C_LANGUAGE_STANDARD = gnu11;
				GCC_NO_COMMON_BLOCKS = YES;
				GCC_WARN_64_TO_32_BIT_CONVERSION = YES;
				GCC_WARN_ABOUT_RETURN_TYPE = YES_ERROR;
				GCC_WARN_UNDECLARED_SELECTOR = YES;
				GCC_WARN_UNINITIALIZED_AUTOS = YES_AGGRESSIVE;
				GCC_WARN_UNUSED_FUNCTION = YES;
				GCC_WARN_UNUSED_VARIABLE = YES;
				IPHONEOS_DEPLOYMENT_TARGET = 12.2;
				MTL_ENABLE_DEBUG_INFO = NO;
				MTL_FAST_MATH = YES;
				SDKROOT = iphoneos;
				SWIFT_COMPILATION_MODE = wholemodule;
				SWIFT_OPTIMIZATION_LEVEL = "-O";
				VALIDATE_PRODUCT = YES;
			};
			name = Release;
		};
		9FA20CEE22B968990022BF7A /* Debug */ = {
			isa = XCBuildConfiguration;
			buildSettings = {
				ASSETCATALOG_COMPILER_APPICON_NAME = AppIcon;
				CODE_SIGN_STYLE = Automatic;
				INFOPLIST_FILE = Calculator/Info.plist;
				LD_RUNPATH_SEARCH_PATHS = (
					"$(inherited)",
					"@executable_path/Frameworks",
				);
				PRODUCT_BUNDLE_IDENTIFIER = com.example.ds.Calculator;
				PRODUCT_NAME = "$(TARGET_NAME)";
				SWIFT_VERSION = 5.0;
				TARGETED_DEVICE_FAMILY = "1,2";
			};
			name = Debug;
		};
		9FA20CEF22B968990022BF7A /* Release */ = {
			isa = XCBuildConfiguration;
			buildSettings = {
				ASSETCATALOG_COMPILER_APPICON_NAME = AppIcon;
				CODE_SIGN_STYLE = Automatic;
				INFOPLIST_FILE = Calculator/Info.plist;
				LD_RUNPATH_SEARCH_PATHS = (
					"$(inherited)",
					"@executable_path/Frameworks",
				);
				PRODUCT_BUNDLE_IDENTIFIER = com.example.ds.Calculator;
				PRODUCT_NAME = "$(TARGET_NAME)";
				SWIFT_VERSION = 5.0;
				TARGETED_DEVICE_FAMILY = "1,2";
			};
			name = Release;
		};
		9FA20CF122B968990022BF7A /* Debug */ = {
			isa = XCBuildConfiguration;
			buildSettings = {
				ALWAYS_EMBED_SWIFT_STANDARD_LIBRARIES = YES;
				BUNDLE_LOADER = "$(TEST_HOST)";
				CODE_SIGN_STYLE = Automatic;
				INFOPLIST_FILE = CalculatorTests/Info.plist;
				LD_RUNPATH_SEARCH_PATHS = (
					"$(inherited)",
					"@executable_path/Frameworks",
					"@loader_path/Frameworks",
				);
				PRODUCT_BUNDLE_IDENTIFIER = com.example.ds.CalculatorTests;
				PRODUCT_NAME = "$(TARGET_NAME)";
				SWIFT_VERSION = 5.0;
				TARGETED_DEVICE_FAMILY = "1,2";
				TEST_HOST = "$(BUILT_PRODUCTS_DIR)/Calculator.app/Calculator";
			};
			name = Debug;
		};
		9FA20CF222B968990022BF7A /* Release */ = {
			isa = XCBuildConfiguration;
			buildSettings = {
				ALWAYS_EMBED_SWIFT_STANDARD_LIBRARIES = YES;
				BUNDLE_LOADER = "$(TEST_HOST)";
				CODE_SIGN_STYLE = Automatic;
				INFOPLIST_FILE = CalculatorTests/Info.plist;
				LD_RUNPATH_SEARCH_PATHS = (
					"$(inherited)",
					"@executable_path/Frameworks",
					"@loader_path/Frameworks",
				);
				PRODUCT_BUNDLE_IDENTIFIER = com.example.ds.CalculatorTests;
				PRODUCT_NAME = "$(TARGET_NAME)";
				SWIFT_VERSION = 5.0;
				TARGETED_DEVICE_FAMILY = "1,2";
				TEST_HOST = "$(BUILT_PRODUCTS_DIR)/Calculator.app/Calculator";
			};
			name = Release;
		};
		9FA20CF422B968990022BF7A /* Debug */ = {
			isa = XCBuildConfiguration;
			buildSettings = {
				ALWAYS_EMBED_SWIFT_STANDARD_LIBRARIES = YES;
				CODE_SIGN_STYLE = Automatic;
				INFOPLIST_FILE = CalculatorUITests/Info.plist;
				LD_RUNPATH_SEARCH_PATHS = (
					"$(inherited)",
					"@executable_path/Frameworks",
					"@loader_path/Frameworks",
				);
				PRODUCT_BUNDLE_IDENTIFIER = com.example.ds.CalculatorUITests;
				PRODUCT_NAME = "$(TARGET_NAME)";
				SWIFT_VERSION = 5.0;
				TARGETED_DEVICE_FAMILY = "1,2";
				TEST_TARGET_NAME = Calculator;
			};
			name = Debug;
		};
		9FA20CF522B968990022BF7A /* Release */ = {
			isa = XCBuildConfiguration;
			buildSettings = {
				ALWAYS_EMBED_SWIFT_STANDARD_LIBRARIES = YES;
				CODE_SIGN_STYLE = Automatic;
				INFOPLIST_FILE = CalculatorUITests/Info.plist;
				LD_RUNPATH_SEARCH_PATHS = (
					"$(inherited)",
					"@executable_path/Frameworks",
					"@loader_path/Frameworks",
				);
				PRODUCT_BUNDLE_IDENTIFIER = com.example.ds.CalculatorUITests;
				PRODUCT_NAME = "$(TARGET_NAME)";
				SWIFT_VERSION = 5.0;
				TARGETED_DEVICE_FAMILY = "1,2";
				TEST_TARGET_NAME = Calculator;
			};
			name = Release;
		};
/* End XCBuildConfiguration section */

/* Begin XCConfigurationList section */
		9FA20CC022B968980022BF7A /* Build configuration list for PBXProject "Calculator" */ = {
			isa = XCConfigurationList;
			buildConfigurations = (
				9FA20CEB22B968990022BF7A /* Debug */,
				9FA20CEC22B968990022BF7A /* Release */,
			);
			defaultConfigurationIsVisible = 0;
			defaultConfigurationName = Release;
		};
		9FA20CED22B968990022BF7A /* Build configuration list for PBXNativeTarget "Calculator" */ = {
			isa = XCConfigurationList;
			buildConfigurations = (
				9FA20CEE22B968990022BF7A /* Debug */,
				9FA20CEF22B968990022BF7A /* Release */,
			);
			defaultConfigurationIsVisible = 0;
			defaultConfigurationName = Release;
		};
		9FA20CF022B968990022BF7A /* Build configuration list for PBXNativeTarget "CalculatorTests" */ = {
			isa = XCConfigurationList;
			buildConfigurations = (
				9FA20CF122B968990022BF7A /* Debug */,
				9FA20CF222B968990022BF7A /* Release */,
			);
			defaultConfigurationIsVisible = 0;
			defaultConfigurationName = Release;
		};
		9FA20CF322B968990022BF7A /* Build configuration list for PBXNativeTarget "CalculatorUITests" */ = {
			isa = XCConfigurationList;
			buildConfigurations = (
				9FA20CF422B968990022BF7A /* Debug */,
				9FA20CF522B968990022BF7A /* Release */,
			);
			defaultConfigurationIsVisible = 0;
			defaultConfigurationName = Release;
		};
/* End XCConfigurationList section */
	};
	rootObject = 9FA20CBD22B968980022BF7A /* Project object */;
}
